
Microsoft Visual Studio Solution File, Format Version 12.00
# Visual Studio Version 16
VisualStudioVersion = 16.0.30011.22
MinimumVisualStudioVersion = 10.0.40219.1
Project("{FAE04EC0-301F-11D3-BF4B-00C04F79EFBC}") = "UdemiyWebApi", "UdemiyWebApi\UdemiyWebApi.csproj", "{37A26E26-F844-4ABB-8E90-A15BEBB647D3}"
EndProject
Project("{FAE04EC0-301F-11D3-BF4B-00C04F79EFBC}") = "UI.Web", "UI.Web\UI.Web.csproj", "{0441E112-5AD1-4DC3-BD32-263932A73504}"
EndProject
Global
	GlobalSection(SolutionConfigurationPlatforms) = preSolution
		Debug|Any CPU = Debug|Any CPU
		Release|Any CPU = Release|Any CPU
	EndGlobalSection
	GlobalSection(ProjectConfigurationPlatforms) = postSolution
		{37A26E26-F844-4ABB-8E90-A15BEBB647D3}.Debug|Any CPU.ActiveCfg = Debug|Any CPU
		{37A26E26-F844-4ABB-8E90-A15BEBB647D3}.Debug|Any CPU.Build.0 = Debug|Any CPU
		{37A26E26-F844-4ABB-8E90-A15BEBB647D3}.Release|Any CPU.ActiveCfg = Release|Any CPU
		{37A26E26-F844-4ABB-8E90-A15BEBB647D3}.Release|Any CPU.Build.0 = Release|Any CPU
		{0441E112-5AD1-4DC3-BD32-263932A73504}.Debug|Any CPU.ActiveCfg = Debug|Any CPU
		{0441E112-5AD1-4DC3-BD32-263932A73504}.Debug|Any CPU.Build.0 = Debug|Any CPU
		{0441E112-5AD1-4DC3-BD32-263932A73504}.Release|Any CPU.ActiveCfg = Release|Any CPU
		{0441E112-5AD1-4DC3-BD32-263932A73504}.Release|Any CPU.Build.0 = Release|Any CPU
	EndGlobalSection
	GlobalSection(SolutionProperties) = preSolution
		HideSolutionNode = FALSE
	EndGlobalSection
	GlobalSection(ExtensibilityGlobals) = postSolution
		SolutionGuid = {3A471B1D-40A7-4FAE-A13F-3CD43A0DC529}
	EndGlobalSection
EndGlobal
